{
  "name": "beaver",
  "version": "0.0.5",
  "lockfileVersion": 2,
  "requires": true,
  "packages": {
    "": {
      "name": "beaver",
      "version": "0.0.5",
      "hasInstallScript": true,
      "dependencies": {
        "http-proxy": "^1.18.0"
      },
      "bin": {
        "proxy": "bin/index.js"
      },
      "devDependencies": {
        "@types/http-proxy": "^1.16.2",
        "@types/node": "^10.12.18",
        "typescript": "^3.2.4"
      }
    },
    "node_modules/@types/http-proxy": {
      "version": "1.17.7",
      "dev": true,
      "license": "MIT",
      "dependencies": {
        "@types/node": "*"
      }
    },
    "node_modules/@types/node": {
      "version": "10.17.60",
      "dev": true,
      "license": "MIT"
    },
    "node_modules/eventemitter3": {
      "version": "4.0.7",
      "license": "MIT"
    },
    "node_modules/follow-redirects": {
      "version": "1.14.1",
      "funding": [
        {
          "type": "individual",
          "url": "https://github.com/sponsors/RubenVerborgh"
        }
      ],
      "license": "MIT",
      "engines": {
        "node": ">=4.0"
      },
      "peerDependenciesMeta": {
        "debug": {
          "optional": true
        }
      }
    },
    "node_modules/http-proxy": {
      "version": "1.18.1",
      "license": "MIT",
      "dependencies": {
        "eventemitter3": "^4.0.0",
        "follow-redirects": "^1.0.0",
        "requires-port": "^1.0.0"
      },
      "engines": {
        "node": ">=8.0.0"
      }
    },
    "node_modules/requires-port": {
      "version": "1.0.0",
      "license": "MIT"
    },
    "node_modules/typescript": {
      "version": "3.9.10",
      "dev": true,
      "license": "Apache-2.0",
      "bin": {
        "tsc": "bin/tsc",
        "tsserver": "bin/tsserver"
      },
      "engines": {
        "node": ">=4.2.0"
      }
    }
  },
  "dependencies": {
    "@types/http-proxy": {
      "version": "1.17.7",
      "dev": true,
      "requires": {
        "@types/node": "*"
      }
    },
    "@types/node": {
      "version": "10.17.60",
      "dev": true
    },
    "eventemitter3": {
      "version": "4.0.7"
    },
    "follow-redirects": {
      "version": "1.14.1"
    },
    "http-proxy": {
      "version": "1.18.1",
      "requires": {
        "eventemitter3": "^4.0.0",
        "follow-redirects": "^1.0.0",
        "requires-port": "^1.0.0"
      }
    },
    "requires-port": {
      "version": "1.0.0"
    },
    "typescript": {
      "version": "3.9.10",
      "dev": true
    }
  }
}
